
Microsoft Visual Studio Solution File, Format Version 12.00
# Visual Studio Version 16
VisualStudioVersion = 16.0.33529.622
MinimumVisualStudioVersion = 10.0.40219.1
Project("{FAE04EC0-301F-11D3-BF4B-00C04F79EFBC}") = "ServisTest", "ServisTest\ServisTest.csproj", "{FC042F89-9A83-43BC-B847-7A0E5643A97A}"
EndProject
Global
	GlobalSection(SolutionConfigurationPlatforms) = preSolution
		Debug|Any CPU = Debug|Any CPU
		Release|Any CPU = Release|Any CPU
	EndGlobalSection
	GlobalSection(ProjectConfigurationPlatforms) = postSolution
		{FC042F89-9A83-43BC-B847-7A0E5643A97A}.Debug|Any CPU.ActiveCfg = Debug|Any CPU
		{FC042F89-9A83-43BC-B847-7A0E5643A97A}.Debug|Any CPU.Build.0 = Debug|Any CPU
		{FC042F89-9A83-43BC-B847-7A0E5643A97A}.Release|Any CPU.ActiveCfg = Release|Any CPU
		{FC042F89-9A83-43BC-B847-7A0E5643A97A}.Release|Any CPU.Build.0 = Release|Any CPU
	EndGlobalSection
	GlobalSection(SolutionProperties) = preSolution
		HideSolutionNode = FALSE
	EndGlobalSection
	GlobalSection(ExtensibilityGlobals) = postSolution
		SolutionGuid = {2B765E00-6DE9-4301-A91F-B6D873E55E42}
	EndGlobalSection
EndGlobal
